
Microsoft Visual Studio Solution File, Format Version 12.00
# Visual Studio Version 17
VisualStudioVersion = 17.0.31903.59
MinimumVisualStudioVersion = 10.0.40219.1
Project("{FAE04EC0-301F-11D3-BF4B-00C04F79EFBC}") = "CalculadoraTDD", "CalculadoraTDD\CalculadoraTDD.csproj", "{4DFDECB6-8F61-4599-BB9B-D8F3ED754234}"
EndProject
Project("{FAE04EC0-301F-11D3-BF4B-00C04F79EFBC}") = "CalculadoraTDDTest", "CalculadoraTDDTest\CalculadoraTDDTest.csproj", "{535A8EA9-66FC-4FED-8191-B5137FEC06F9}"
EndProject
Global
	GlobalSection(SolutionConfigurationPlatforms) = preSolution
		Debug|Any CPU = Debug|Any CPU
		Release|Any CPU = Release|Any CPU
	EndGlobalSection
	GlobalSection(SolutionProperties) = preSolution
		HideSolutionNode = FALSE
	EndGlobalSection
	GlobalSection(ProjectConfigurationPlatforms) = postSolution
		{4DFDECB6-8F61-4599-BB9B-D8F3ED754234}.Debug|Any CPU.ActiveCfg = Debug|Any CPU
		{4DFDECB6-8F61-4599-BB9B-D8F3ED754234}.Debug|Any CPU.Build.0 = Debug|Any CPU
		{4DFDECB6-8F61-4599-BB9B-D8F3ED754234}.Release|Any CPU.ActiveCfg = Release|Any CPU
		{4DFDECB6-8F61-4599-BB9B-D8F3ED754234}.Release|Any CPU.Build.0 = Release|Any CPU
		{535A8EA9-66FC-4FED-8191-B5137FEC06F9}.Debug|Any CPU.ActiveCfg = Debug|Any CPU
		{535A8EA9-66FC-4FED-8191-B5137FEC06F9}.Debug|Any CPU.Build.0 = Debug|Any CPU
		{535A8EA9-66FC-4FED-8191-B5137FEC06F9}.Release|Any CPU.ActiveCfg = Release|Any CPU
		{535A8EA9-66FC-4FED-8191-B5137FEC06F9}.Release|Any CPU.Build.0 = Release|Any CPU
	EndGlobalSection
EndGlobal
